
Microsoft Visual Studio Solution File, Format Version 12.00
# Visual Studio 14
VisualStudioVersion = 14.0.25123.0
MinimumVisualStudioVersion = 10.0.40219.1
Project("{2150E333-8FDC-42A3-9474-1A3956D46DE8}") = "Solution Items", "Solution Items", "{8F5756F2-7449-400C-BE52-A91F862967B0}"
	ProjectSection(SolutionItems) = preProject
		Build-Release.ps1 = Build-Release.ps1
		Examine.vsmdi = Examine.vsmdi
		Local.testsettings = Local.testsettings
		README.md = README.md
		SolutionInfo.cs = SolutionInfo.cs
	EndProjectSection
EndProject
Project("{2150E333-8FDC-42A3-9474-1A3956D46DE8}") = "Build", "Build", "{EE632768-6ECD-40EF-84BD-5594670EA7A8}"
	ProjectSection(SolutionItems) = preProject
		Build-Release.ps1 = Build-Release.ps1
	EndProjectSection
EndProject
Project("{2150E333-8FDC-42A3-9474-1A3956D46DE8}") = ".nuget", ".nuget", "{E7F9DD8A-9F47-45BE-86D8-C8D8EDDB4091}"
	ProjectSection(SolutionItems) = preProject
		.nuget\NuGet.Config = .nuget\NuGet.Config
		.nuget\NuGet.exe = .nuget\NuGet.exe
		.nuget\NuGet.targets = .nuget\NuGet.targets
	EndProjectSection
EndProject
Project("{2150E333-8FDC-42A3-9474-1A3956D46DE8}") = "Examine", "Examine", "{976F400B-2ABA-4C36-8FD6-B0B35D0911D0}"
	ProjectSection(SolutionItems) = preProject
		build\Nuspecs\Examine\Examine.nuspec = build\Nuspecs\Examine\Examine.nuspec
		build\Nuspecs\Examine\web.config.transform = build\Nuspecs\Examine\web.config.transform
	EndProjectSection
EndProject
Project("{FAE04EC0-301F-11D3-BF4B-00C04F79EFBC}") = "UmbracoExamine", "Projects\UmbracoExamine\UmbracoExamine.csproj", "{07FBC26B-2927-4A22-8D96-D644C667FECC}"
EndProject
Project("{FAE04EC0-301F-11D3-BF4B-00C04F79EFBC}") = "Examine", "Projects\Examine\Examine.csproj", "{DA5E35C3-89BA-4A2E-A559-32CF7B23CBFF}"
EndProject
Project("{FAE04EC0-301F-11D3-BF4B-00C04F79EFBC}") = "Examine.Test", "Projects\Examine.Test\Examine.Test.csproj", "{558ADE63-EAE0-4ABA-B236-D7707F25B676}"
EndProject
Project("{FAE04EC0-301F-11D3-BF4B-00C04F79EFBC}") = "Examine.Web.Demo", "Projects\Examine.Web.Demo\Examine.Web.Demo.csproj", "{CEB0F488-AA78-4ADE-B0B1-E52CF2743B10}"
EndProject
Project("{FAE04EC0-301F-11D3-BF4B-00C04F79EFBC}") = "Examine.Directory.Sync", "Examine.Directory.Sync\Examine.Directory.Sync.csproj", "{A09331BF-C809-4A58-A03F-D16F17B6EC79}"
EndProject
Global
	GlobalSection(SolutionConfigurationPlatforms) = preSolution
		Debug|Any CPU = Debug|Any CPU
		Release|Any CPU = Release|Any CPU
	EndGlobalSection
	GlobalSection(ProjectConfigurationPlatforms) = postSolution
		{07FBC26B-2927-4A22-8D96-D644C667FECC}.Debug|Any CPU.ActiveCfg = Debug|Any CPU
		{07FBC26B-2927-4A22-8D96-D644C667FECC}.Debug|Any CPU.Build.0 = Debug|Any CPU
		{07FBC26B-2927-4A22-8D96-D644C667FECC}.Release|Any CPU.ActiveCfg = Release|Any CPU
		{07FBC26B-2927-4A22-8D96-D644C667FECC}.Release|Any CPU.Build.0 = Release|Any CPU
		{DA5E35C3-89BA-4A2E-A559-32CF7B23CBFF}.Debug|Any CPU.ActiveCfg = Debug|Any CPU
		{DA5E35C3-89BA-4A2E-A559-32CF7B23CBFF}.Debug|Any CPU.Build.0 = Debug|Any CPU
		{DA5E35C3-89BA-4A2E-A559-32CF7B23CBFF}.Release|Any CPU.ActiveCfg = Release|Any CPU
		{DA5E35C3-89BA-4A2E-A559-32CF7B23CBFF}.Release|Any CPU.Build.0 = Release|Any CPU
		{558ADE63-EAE0-4ABA-B236-D7707F25B676}.Debug|Any CPU.ActiveCfg = Debug|Any CPU
		{558ADE63-EAE0-4ABA-B236-D7707F25B676}.Debug|Any CPU.Build.0 = Debug|Any CPU
		{558ADE63-EAE0-4ABA-B236-D7707F25B676}.Release|Any CPU.ActiveCfg = Release|Any CPU
		{558ADE63-EAE0-4ABA-B236-D7707F25B676}.Release|Any CPU.Build.0 = Release|Any CPU
		{CEB0F488-AA78-4ADE-B0B1-E52CF2743B10}.Debug|Any CPU.ActiveCfg = Debug|Any CPU
		{CEB0F488-AA78-4ADE-B0B1-E52CF2743B10}.Debug|Any CPU.Build.0 = Debug|Any CPU
		{CEB0F488-AA78-4ADE-B0B1-E52CF2743B10}.Release|Any CPU.ActiveCfg = Release|Any CPU
		{CEB0F488-AA78-4ADE-B0B1-E52CF2743B10}.Release|Any CPU.Build.0 = Release|Any CPU
		{A09331BF-C809-4A58-A03F-D16F17B6EC79}.Debug|Any CPU.ActiveCfg = Debug|Any CPU
		{A09331BF-C809-4A58-A03F-D16F17B6EC79}.Debug|Any CPU.Build.0 = Debug|Any CPU
		{A09331BF-C809-4A58-A03F-D16F17B6EC79}.Release|Any CPU.ActiveCfg = Release|Any CPU
		{A09331BF-C809-4A58-A03F-D16F17B6EC79}.Release|Any CPU.Build.0 = Release|Any CPU
	EndGlobalSection
	GlobalSection(SolutionProperties) = preSolution
		HideSolutionNode = FALSE
	EndGlobalSection
	GlobalSection(NestedProjects) = preSolution
		{976F400B-2ABA-4C36-8FD6-B0B35D0911D0} = {EE632768-6ECD-40EF-84BD-5594670EA7A8}
	EndGlobalSection
	GlobalSection(TestCaseManagementSettings) = postSolution
		CategoryFile = Examine.vsmdi
	EndGlobalSection
EndGlobal
