
Microsoft Visual Studio Solution File, Format Version 10.00
# Visual Studio 2008
Project("{FAE04EC0-301F-11D3-BF4B-00C04F79EFBC}") = "UmbracoExamine.Core", "umbracoexamine\trunk\UmbracoExamine.Core\UmbracoExamine.Core.csproj", "{DA5E35C3-89BA-4A2E-A559-32CF7B23CBFF}"
EndProject
Project("{FAE04EC0-301F-11D3-BF4B-00C04F79EFBC}") = "UmbracoExamine.Lucene2", "umbracoexamine\trunk\UmbracoExamine.Lucene\UmbracoExamine.Lucene2.csproj", "{27B91669-0EEE-4BE7-AE03-6CE18B24D3D8}"
EndProject
Project("{FAE04EC0-301F-11D3-BF4B-00C04F79EFBC}") = "UmbracoExamine.Lucene1", "umbracoexamine\trunk\UmbracoExamine.Lucene.Legacy\UmbracoExamine.Lucene1.csproj", "{6918A99D-046F-4E83-B916-26A5D203CA5B}"
EndProject
Global
	GlobalSection(TeamFoundationVersionControl) = preSolution
		SccNumberOfProjects = 4
		SccEnterpriseProvider = {4CA58AB2-18FA-4F8D-95D4-32DDF27D184C}
		SccTeamFoundationServer = https://tfs05.codeplex.com/
		SccLocalPath0 = .
		SccProjectUniqueName1 = umbracoexamine\\trunk\\UmbracoExamine.Core\\UmbracoExamine.Core.csproj
		SccProjectName1 = umbracoexamine/trunk/UmbracoExamine.Core
		SccLocalPath1 = umbracoexamine\\trunk\\UmbracoExamine.Core
		SccProjectUniqueName2 = umbracoexamine\\trunk\\UmbracoExamine.Lucene\\UmbracoExamine.Lucene2.csproj
		SccProjectName2 = umbracoexamine/trunk/UmbracoExamine.Lucene
		SccLocalPath2 = umbracoexamine\\trunk\\UmbracoExamine.Lucene
		SccProjectUniqueName3 = umbracoexamine\\trunk\\UmbracoExamine.Lucene.Legacy\\UmbracoExamine.Lucene1.csproj
		SccProjectName3 = umbracoexamine/trunk/UmbracoExamine.Lucene.Legacy
		SccLocalPath3 = umbracoexamine\\trunk\\UmbracoExamine.Lucene.Legacy
	EndGlobalSection
	GlobalSection(SolutionConfigurationPlatforms) = preSolution
		Debug|Any CPU = Debug|Any CPU
		Release DLLs|Any CPU = Release DLLs|Any CPU
		Release|Any CPU = Release|Any CPU
	EndGlobalSection
	GlobalSection(ProjectConfigurationPlatforms) = postSolution
		{DA5E35C3-89BA-4A2E-A559-32CF7B23CBFF}.Debug|Any CPU.ActiveCfg = Debug|Any CPU
		{DA5E35C3-89BA-4A2E-A559-32CF7B23CBFF}.Debug|Any CPU.Build.0 = Debug|Any CPU
		{DA5E35C3-89BA-4A2E-A559-32CF7B23CBFF}.Release DLLs|Any CPU.ActiveCfg = Release|Any CPU
		{DA5E35C3-89BA-4A2E-A559-32CF7B23CBFF}.Release DLLs|Any CPU.Build.0 = Release|Any CPU
		{DA5E35C3-89BA-4A2E-A559-32CF7B23CBFF}.Release|Any CPU.ActiveCfg = Release|Any CPU
		{DA5E35C3-89BA-4A2E-A559-32CF7B23CBFF}.Release|Any CPU.Build.0 = Release|Any CPU
		{27B91669-0EEE-4BE7-AE03-6CE18B24D3D8}.Debug|Any CPU.ActiveCfg = Debug|Any CPU
		{27B91669-0EEE-4BE7-AE03-6CE18B24D3D8}.Debug|Any CPU.Build.0 = Debug|Any CPU
		{27B91669-0EEE-4BE7-AE03-6CE18B24D3D8}.Release DLLs|Any CPU.ActiveCfg = Release DLLs|Any CPU
		{27B91669-0EEE-4BE7-AE03-6CE18B24D3D8}.Release DLLs|Any CPU.Build.0 = Release DLLs|Any CPU
		{27B91669-0EEE-4BE7-AE03-6CE18B24D3D8}.Release|Any CPU.ActiveCfg = Release|Any CPU
		{27B91669-0EEE-4BE7-AE03-6CE18B24D3D8}.Release|Any CPU.Build.0 = Release|Any CPU
		{6918A99D-046F-4E83-B916-26A5D203CA5B}.Debug|Any CPU.ActiveCfg = Debug|Any CPU
		{6918A99D-046F-4E83-B916-26A5D203CA5B}.Debug|Any CPU.Build.0 = Debug|Any CPU
		{6918A99D-046F-4E83-B916-26A5D203CA5B}.Release DLLs|Any CPU.ActiveCfg = Release DLLs|Any CPU
		{6918A99D-046F-4E83-B916-26A5D203CA5B}.Release DLLs|Any CPU.Build.0 = Release DLLs|Any CPU
		{6918A99D-046F-4E83-B916-26A5D203CA5B}.Release|Any CPU.ActiveCfg = Release|Any CPU
		{6918A99D-046F-4E83-B916-26A5D203CA5B}.Release|Any CPU.Build.0 = Release|Any CPU
	EndGlobalSection
	GlobalSection(SolutionProperties) = preSolution
		HideSolutionNode = FALSE
	EndGlobalSection
EndGlobal
