
Microsoft Visual Studio Solution File, Format Version 11.00
# Visual Studio 2010
Project("{FAE04EC0-301F-11D3-BF4B-00C04F79EFBC}") = "UmbracoExamine.Providers", "UmbracoExamine.Providers\UmbracoExamine.Providers.csproj", "{07FBC26B-2927-4A22-8D96-D644C667FECC}"
EndProject
Project("{FAE04EC0-301F-11D3-BF4B-00C04F79EFBC}") = "UmbracoExamine.Core", "UmbracoExamine.Core\UmbracoExamine.Core.csproj", "{DA5E35C3-89BA-4A2E-A559-32CF7B23CBFF}"
EndProject
Project("{FAE04EC0-301F-11D3-BF4B-00C04F79EFBC}") = "UmbracoExamine.Test", "UmbracoExamine.Test\UmbracoExamine.Test.csproj", "{413BC05F-2AC6-4D2B-931B-556690AF1EFA}"
EndProject
Global
	GlobalSection(TeamFoundationVersionControl) = preSolution
		SccNumberOfProjects = 4
		SccEnterpriseProvider = {4CA58AB2-18FA-4F8D-95D4-32DDF27D184C}
		SccTeamFoundationServer = https://tfs05.codeplex.com/
		SccLocalPath0 = .
		SccProjectUniqueName1 = UmbracoExamine.Providers\\UmbracoExamine.Providers.csproj
		SccProjectName1 = UmbracoExamine.Providers
		SccLocalPath1 = UmbracoExamine.Providers
		SccProjectUniqueName2 = UmbracoExamine.Core\\UmbracoExamine.Core.csproj
		SccProjectName2 = UmbracoExamine.Core
		SccLocalPath2 = UmbracoExamine.Core
		SccProjectUniqueName3 = UmbracoExamine.Test\\UmbracoExamine.Test.csproj
		SccProjectName3 = UmbracoExamine.Test
		SccLocalPath3 = UmbracoExamine.Test
	EndGlobalSection
	GlobalSection(SolutionConfigurationPlatforms) = preSolution
		Debug|Any CPU = Debug|Any CPU
		Release DLLs|Any CPU = Release DLLs|Any CPU
		Release|Any CPU = Release|Any CPU
	EndGlobalSection
	GlobalSection(ProjectConfigurationPlatforms) = postSolution
		{07FBC26B-2927-4A22-8D96-D644C667FECC}.Debug|Any CPU.ActiveCfg = Debug|Any CPU
		{07FBC26B-2927-4A22-8D96-D644C667FECC}.Debug|Any CPU.Build.0 = Debug|Any CPU
		{07FBC26B-2927-4A22-8D96-D644C667FECC}.Release DLLs|Any CPU.ActiveCfg = Release|Any CPU
		{07FBC26B-2927-4A22-8D96-D644C667FECC}.Release DLLs|Any CPU.Build.0 = Release|Any CPU
		{07FBC26B-2927-4A22-8D96-D644C667FECC}.Release|Any CPU.ActiveCfg = Release|Any CPU
		{07FBC26B-2927-4A22-8D96-D644C667FECC}.Release|Any CPU.Build.0 = Release|Any CPU
		{DA5E35C3-89BA-4A2E-A559-32CF7B23CBFF}.Debug|Any CPU.ActiveCfg = Debug|Any CPU
		{DA5E35C3-89BA-4A2E-A559-32CF7B23CBFF}.Debug|Any CPU.Build.0 = Debug|Any CPU
		{DA5E35C3-89BA-4A2E-A559-32CF7B23CBFF}.Release DLLs|Any CPU.ActiveCfg = Release|Any CPU
		{DA5E35C3-89BA-4A2E-A559-32CF7B23CBFF}.Release DLLs|Any CPU.Build.0 = Release|Any CPU
		{DA5E35C3-89BA-4A2E-A559-32CF7B23CBFF}.Release|Any CPU.ActiveCfg = Release|Any CPU
		{DA5E35C3-89BA-4A2E-A559-32CF7B23CBFF}.Release|Any CPU.Build.0 = Release|Any CPU
		{413BC05F-2AC6-4D2B-931B-556690AF1EFA}.Debug|Any CPU.ActiveCfg = Debug|Any CPU
		{413BC05F-2AC6-4D2B-931B-556690AF1EFA}.Debug|Any CPU.Build.0 = Debug|Any CPU
		{413BC05F-2AC6-4D2B-931B-556690AF1EFA}.Release DLLs|Any CPU.ActiveCfg = Release|Any CPU
		{413BC05F-2AC6-4D2B-931B-556690AF1EFA}.Release DLLs|Any CPU.Build.0 = Release|Any CPU
		{413BC05F-2AC6-4D2B-931B-556690AF1EFA}.Release|Any CPU.ActiveCfg = Release|Any CPU
		{413BC05F-2AC6-4D2B-931B-556690AF1EFA}.Release|Any CPU.Build.0 = Release|Any CPU
	EndGlobalSection
	GlobalSection(SolutionProperties) = preSolution
		HideSolutionNode = FALSE
	EndGlobalSection
EndGlobal
